
Microsoft Visual Studio Solution File, Format Version 12.00
# Visual Studio 14
VisualStudioVersion = 14.0.23107.0
MinimumVisualStudioVersion = 10.0.40219.1
Project("{FAE04EC0-301F-11D3-BF4B-00C04F79EFBC}") = "AdaptiveTileExtensions", "AdaptiveTileExtensions\AdaptiveTileExtensions.csproj", "{E6FAC682-37F7-48D6-9789-1548AB104E11}"
EndProject
Project("{FAE04EC0-301F-11D3-BF4B-00C04F79EFBC}") = "AdaptiveTileExtensionsSample", "AdaptiveTileExtensionsSample\AdaptiveTileExtensionsSample.csproj", "{5647F0E9-8E7F-4DEB-84A9-6B733B20AFCF}"
EndProject
Project("{FAE04EC0-301F-11D3-BF4B-00C04F79EFBC}") = "AdaptiveTileExtensions.Testing", "AdaptiveTileExtensions.Testing\AdaptiveTileExtensions.Testing.csproj", "{531D0CCE-3BA9-4B2B-9D2A-CF6F380E67BB}"
EndProject
Global
	GlobalSection(SolutionConfigurationPlatforms) = preSolution
		Debug|Any CPU = Debug|Any CPU
		Debug|ARM = Debug|ARM
		Debug|x64 = Debug|x64
		Debug|x86 = Debug|x86
		Release|Any CPU = Release|Any CPU
		Release|ARM = Release|ARM
		Release|x64 = Release|x64
		Release|x86 = Release|x86
	EndGlobalSection
	GlobalSection(ProjectConfigurationPlatforms) = postSolution
		{E6FAC682-37F7-48D6-9789-1548AB104E11}.Debug|Any CPU.ActiveCfg = Debug|Any CPU
		{E6FAC682-37F7-48D6-9789-1548AB104E11}.Debug|Any CPU.Build.0 = Debug|Any CPU
		{E6FAC682-37F7-48D6-9789-1548AB104E11}.Debug|ARM.ActiveCfg = Debug|ARM
		{E6FAC682-37F7-48D6-9789-1548AB104E11}.Debug|ARM.Build.0 = Debug|ARM
		{E6FAC682-37F7-48D6-9789-1548AB104E11}.Debug|x64.ActiveCfg = Debug|x64
		{E6FAC682-37F7-48D6-9789-1548AB104E11}.Debug|x64.Build.0 = Debug|x64
		{E6FAC682-37F7-48D6-9789-1548AB104E11}.Debug|x86.ActiveCfg = Debug|x86
		{E6FAC682-37F7-48D6-9789-1548AB104E11}.Debug|x86.Build.0 = Debug|x86
		{E6FAC682-37F7-48D6-9789-1548AB104E11}.Release|Any CPU.ActiveCfg = Release|Any CPU
		{E6FAC682-37F7-48D6-9789-1548AB104E11}.Release|Any CPU.Build.0 = Release|Any CPU
		{E6FAC682-37F7-48D6-9789-1548AB104E11}.Release|ARM.ActiveCfg = Release|ARM
		{E6FAC682-37F7-48D6-9789-1548AB104E11}.Release|ARM.Build.0 = Release|ARM
		{E6FAC682-37F7-48D6-9789-1548AB104E11}.Release|x64.ActiveCfg = Release|x64
		{E6FAC682-37F7-48D6-9789-1548AB104E11}.Release|x64.Build.0 = Release|x64
		{E6FAC682-37F7-48D6-9789-1548AB104E11}.Release|x86.ActiveCfg = Release|x86
		{E6FAC682-37F7-48D6-9789-1548AB104E11}.Release|x86.Build.0 = Release|x86
		{5647F0E9-8E7F-4DEB-84A9-6B733B20AFCF}.Debug|Any CPU.ActiveCfg = Debug|x86
		{5647F0E9-8E7F-4DEB-84A9-6B733B20AFCF}.Debug|Any CPU.Build.0 = Debug|x86
		{5647F0E9-8E7F-4DEB-84A9-6B733B20AFCF}.Debug|Any CPU.Deploy.0 = Debug|x86
		{5647F0E9-8E7F-4DEB-84A9-6B733B20AFCF}.Debug|ARM.ActiveCfg = Debug|ARM
		{5647F0E9-8E7F-4DEB-84A9-6B733B20AFCF}.Debug|ARM.Build.0 = Debug|ARM
		{5647F0E9-8E7F-4DEB-84A9-6B733B20AFCF}.Debug|ARM.Deploy.0 = Debug|ARM
		{5647F0E9-8E7F-4DEB-84A9-6B733B20AFCF}.Debug|x64.ActiveCfg = Debug|x64
		{5647F0E9-8E7F-4DEB-84A9-6B733B20AFCF}.Debug|x64.Build.0 = Debug|x64
		{5647F0E9-8E7F-4DEB-84A9-6B733B20AFCF}.Debug|x64.Deploy.0 = Debug|x64
		{5647F0E9-8E7F-4DEB-84A9-6B733B20AFCF}.Debug|x86.ActiveCfg = Debug|x86
		{5647F0E9-8E7F-4DEB-84A9-6B733B20AFCF}.Debug|x86.Build.0 = Debug|x86
		{5647F0E9-8E7F-4DEB-84A9-6B733B20AFCF}.Debug|x86.Deploy.0 = Debug|x86
		{5647F0E9-8E7F-4DEB-84A9-6B733B20AFCF}.Release|Any CPU.ActiveCfg = Release|x86
		{5647F0E9-8E7F-4DEB-84A9-6B733B20AFCF}.Release|ARM.ActiveCfg = Release|ARM
		{5647F0E9-8E7F-4DEB-84A9-6B733B20AFCF}.Release|ARM.Build.0 = Release|ARM
		{5647F0E9-8E7F-4DEB-84A9-6B733B20AFCF}.Release|ARM.Deploy.0 = Release|ARM
		{5647F0E9-8E7F-4DEB-84A9-6B733B20AFCF}.Release|x64.ActiveCfg = Release|x64
		{5647F0E9-8E7F-4DEB-84A9-6B733B20AFCF}.Release|x64.Build.0 = Release|x64
		{5647F0E9-8E7F-4DEB-84A9-6B733B20AFCF}.Release|x64.Deploy.0 = Release|x64
		{5647F0E9-8E7F-4DEB-84A9-6B733B20AFCF}.Release|x86.ActiveCfg = Release|x86
		{5647F0E9-8E7F-4DEB-84A9-6B733B20AFCF}.Release|x86.Build.0 = Release|x86
		{5647F0E9-8E7F-4DEB-84A9-6B733B20AFCF}.Release|x86.Deploy.0 = Release|x86
		{531D0CCE-3BA9-4B2B-9D2A-CF6F380E67BB}.Debug|Any CPU.ActiveCfg = Debug|x86
		{531D0CCE-3BA9-4B2B-9D2A-CF6F380E67BB}.Debug|Any CPU.Build.0 = Debug|x86
		{531D0CCE-3BA9-4B2B-9D2A-CF6F380E67BB}.Debug|Any CPU.Deploy.0 = Debug|x86
		{531D0CCE-3BA9-4B2B-9D2A-CF6F380E67BB}.Debug|ARM.ActiveCfg = Debug|ARM
		{531D0CCE-3BA9-4B2B-9D2A-CF6F380E67BB}.Debug|ARM.Build.0 = Debug|ARM
		{531D0CCE-3BA9-4B2B-9D2A-CF6F380E67BB}.Debug|ARM.Deploy.0 = Debug|ARM
		{531D0CCE-3BA9-4B2B-9D2A-CF6F380E67BB}.Debug|x64.ActiveCfg = Debug|x64
		{531D0CCE-3BA9-4B2B-9D2A-CF6F380E67BB}.Debug|x64.Build.0 = Debug|x64
		{531D0CCE-3BA9-4B2B-9D2A-CF6F380E67BB}.Debug|x64.Deploy.0 = Debug|x64
		{531D0CCE-3BA9-4B2B-9D2A-CF6F380E67BB}.Debug|x86.ActiveCfg = Debug|x86
		{531D0CCE-3BA9-4B2B-9D2A-CF6F380E67BB}.Debug|x86.Build.0 = Debug|x86
		{531D0CCE-3BA9-4B2B-9D2A-CF6F380E67BB}.Debug|x86.Deploy.0 = Debug|x86
		{531D0CCE-3BA9-4B2B-9D2A-CF6F380E67BB}.Release|Any CPU.ActiveCfg = Release|x86
		{531D0CCE-3BA9-4B2B-9D2A-CF6F380E67BB}.Release|ARM.ActiveCfg = Release|ARM
		{531D0CCE-3BA9-4B2B-9D2A-CF6F380E67BB}.Release|ARM.Build.0 = Release|ARM
		{531D0CCE-3BA9-4B2B-9D2A-CF6F380E67BB}.Release|ARM.Deploy.0 = Release|ARM
		{531D0CCE-3BA9-4B2B-9D2A-CF6F380E67BB}.Release|x64.ActiveCfg = Release|x64
		{531D0CCE-3BA9-4B2B-9D2A-CF6F380E67BB}.Release|x64.Build.0 = Release|x64
		{531D0CCE-3BA9-4B2B-9D2A-CF6F380E67BB}.Release|x64.Deploy.0 = Release|x64
		{531D0CCE-3BA9-4B2B-9D2A-CF6F380E67BB}.Release|x86.ActiveCfg = Release|x86
		{531D0CCE-3BA9-4B2B-9D2A-CF6F380E67BB}.Release|x86.Build.0 = Release|x86
		{531D0CCE-3BA9-4B2B-9D2A-CF6F380E67BB}.Release|x86.Deploy.0 = Release|x86
	EndGlobalSection
	GlobalSection(SolutionProperties) = preSolution
		HideSolutionNode = FALSE
	EndGlobalSection
EndGlobal
